
Microsoft Visual Studio Solution File, Format Version 12.00
# Visual Studio Version 17
VisualStudioVersion = 17.13.35806.99 d17.13
MinimumVisualStudioVersion = 10.0.40219.1
Project("{FAE04EC0-301F-11D3-BF4B-00C04F79EFBC}") = "Comun", "Comun\Comun.csproj", "{80B126A2-EA2E-42F9-B616-70E92980D0A7}"
EndProject
Project("{FAE04EC0-301F-11D3-BF4B-00C04F79EFBC}") = "Datos", "Datos\Datos.csproj", "{ADD50CE5-422F-4983-9847-C2F3DF3E5A62}"
EndProject
Project("{FAE04EC0-301F-11D3-BF4B-00C04F79EFBC}") = "Dominio", "Dominio\Dominio.csproj", "{71AE4D4A-89F9-4805-A93E-086315875F23}"
EndProject
Project("{FAE04EC0-301F-11D3-BF4B-00C04F79EFBC}") = "Presentacion", "Presentacion\Presentacion.csproj", "{221FE71D-624B-4098-8ED2-3CA71D3348EA}"
EndProject
Global
	GlobalSection(SolutionConfigurationPlatforms) = preSolution
		Debug|Any CPU = Debug|Any CPU
		Release|Any CPU = Release|Any CPU
	EndGlobalSection
	GlobalSection(ProjectConfigurationPlatforms) = postSolution
		{80B126A2-EA2E-42F9-B616-70E92980D0A7}.Debug|Any CPU.ActiveCfg = Debug|Any CPU
		{80B126A2-EA2E-42F9-B616-70E92980D0A7}.Debug|Any CPU.Build.0 = Debug|Any CPU
		{80B126A2-EA2E-42F9-B616-70E92980D0A7}.Release|Any CPU.ActiveCfg = Release|Any CPU
		{80B126A2-EA2E-42F9-B616-70E92980D0A7}.Release|Any CPU.Build.0 = Release|Any CPU
		{ADD50CE5-422F-4983-9847-C2F3DF3E5A62}.Debug|Any CPU.ActiveCfg = Debug|Any CPU
		{ADD50CE5-422F-4983-9847-C2F3DF3E5A62}.Debug|Any CPU.Build.0 = Debug|Any CPU
		{ADD50CE5-422F-4983-9847-C2F3DF3E5A62}.Release|Any CPU.ActiveCfg = Release|Any CPU
		{ADD50CE5-422F-4983-9847-C2F3DF3E5A62}.Release|Any CPU.Build.0 = Release|Any CPU
		{71AE4D4A-89F9-4805-A93E-086315875F23}.Debug|Any CPU.ActiveCfg = Debug|Any CPU
		{71AE4D4A-89F9-4805-A93E-086315875F23}.Debug|Any CPU.Build.0 = Debug|Any CPU
		{71AE4D4A-89F9-4805-A93E-086315875F23}.Release|Any CPU.ActiveCfg = Release|Any CPU
		{71AE4D4A-89F9-4805-A93E-086315875F23}.Release|Any CPU.Build.0 = Release|Any CPU
		{221FE71D-624B-4098-8ED2-3CA71D3348EA}.Debug|Any CPU.ActiveCfg = Debug|Any CPU
		{221FE71D-624B-4098-8ED2-3CA71D3348EA}.Debug|Any CPU.Build.0 = Debug|Any CPU
		{221FE71D-624B-4098-8ED2-3CA71D3348EA}.Release|Any CPU.ActiveCfg = Release|Any CPU
		{221FE71D-624B-4098-8ED2-3CA71D3348EA}.Release|Any CPU.Build.0 = Release|Any CPU
	EndGlobalSection
	GlobalSection(SolutionProperties) = preSolution
		HideSolutionNode = FALSE
	EndGlobalSection
	GlobalSection(ExtensibilityGlobals) = postSolution
		SolutionGuid = {37F79E6F-47CC-4F61-A2BA-0762A7B0F918}
	EndGlobalSection
EndGlobal
